<?xml version="1.0" encoding="utf-8"?>
<Project ToolsVersion="4.0" xmlns="http://schemas.microsoft.com/developer/msbuild/2003">
  <ItemGroup>
    <Filter Include="Source Files">
      <UniqueIdentifier>{4FC737F1-C7A5-4376-A066-2A32D752A2FF}</UniqueIdentifier>
      <Extensions>cpp;c;cc;cxx;def;odl;idl;hpj;bat;asm;asmx</Extensions>
    </Filter>
    <Filter Include="Header Files">
      <UniqueIdentifier>{93995380-89BD-4b04-88EB-625FBE52EBFB}</UniqueIdentifier>
      <Extensions>h;hh;hpp;hxx;hm;inl;inc;ipp;xsd</Extensions>
    </Filter>
    <Filter Include="Resource Files">
      <UniqueIdentifier>{67DA6AB6-F800-4c08-8B7A-83BB121AAD01}</UniqueIdentifier>
      <Extensions>rc;ico;cur;bmp;dlg;rc2;rct;bin;rgs;gif;jpg;jpeg;jpe;resx;tiff;tif;png;wav;mfcribbon-ms</Extensions>
    </Filter>
    <Filter Include="Header Files\NetworkModule">
      <UniqueIdentifier>{868e247e-9d95-4622-b21e-52a6a4e4e89a}</UniqueIdentifier>
    </Filter>
    <Filter Include="Source Files\NetworkModule">
      <UniqueIdentifier>{e8cf5e2d-caaa-4f38-a2b8-6391bc60eb96}</UniqueIdentifier>
    </Filter>
  </ItemGroup>
  <ItemGroup>
    <ClInclude Include="NetworkModule\Log.h">
      <Filter>Header Files\NetworkModule</Filter>
    </ClInclude>
    <ClInclude Include="NetworkModule\Serializer.h">
      <Filter>Header Files\NetworkModule</Filter>
    </ClInclude>
    <ClInclude Include="NetworkModule\NetworkData.h">
      <Filter>Header Files\NetworkModule</Filter>
    </ClInclude>
    <ClInclude Include="NetworkModule\GameInfo.h">
      <Filter>Header Files\NetworkModule</Filter>
    </ClInclude>
    <ClInclude Include="RoomManager.h">
      <Filter>Header Files</Filter>
    </ClInclude>
    <ClInclude Include="PlayerManager.h">
      <Filter>Header Files</Filter>
    </ClInclude>
    <ClInclude Include="ServerNetworkSystem.h">
      <Filter>Header Files</Filter>
    </ClInclude>
    <ClInclude Include="ReceiveProcessor.h">
      <Filter>Header Files</Filter>
    </ClInclude>
    <ClInclude Include="RoomInfo.h">
      <Filter>Header Files</Filter>
    </ClInclude>
    <ClInclude Include="NetworkModule\MyTool.h">
      <Filter>Header Files\NetworkModule</Filter>
    </ClInclude>
  </ItemGroup>
  <ItemGroup>
    <ClCompile Include="NetworkModule\Log.cpp">
      <Filter>Source Files\NetworkModule</Filter>
    </ClCompile>
    <ClCompile Include="NetworkModule\Serializer.cpp">
      <Filter>Source Files\NetworkModule</Filter>
    </ClCompile>
    <ClCompile Include="Main.cpp">
      <Filter>Source Files</Filter>
    </ClCompile>
    <ClCompile Include="RoomManager.cpp">
      <Filter>Source Files</Filter>
    </ClCompile>
    <ClCompile Include="PlayerManager.cpp">
      <Filter>Source Files</Filter>
    </ClCompile>
    <ClCompile Include="ServerNetworkSystem.cpp">
      <Filter>Source Files</Filter>
    </ClCompile>
    <ClCompile Include="ReceiveProcessor.cpp">
      <Filter>Source Files</Filter>
    </ClCompile>
    <ClCompile Include="RoomInfo.cpp">
      <Filter>Source Files</Filter>
    </ClCompile>
    <ClCompile Include="NetworkModule\MyTool.cpp">
      <Filter>Source Files\NetworkModule</Filter>
    </ClCompile>
  </ItemGroup>
</Project>